
Microsoft Visual Studio Solution File, Format Version 12.00
# Visual Studio Version 17
VisualStudioVersion = 17.14.36401.2
MinimumVisualStudioVersion = 10.0.40219.1
Project("{FAE04EC0-301F-11D3-BF4B-00C04F79EFBC}") = "MinimalEshop.Application", "MinimalEshop.Application\MinimalEshop.Application.csproj", "{381EC61B-29CE-456E-B290-DAC2D7829F3E}"
EndProject
Project("{FAE04EC0-301F-11D3-BF4B-00C04F79EFBC}") = "MinimalEshop.Infrastructure", "MinimalEshop.Infrastructure\MinimalEshop.Infrastructure.csproj", "{41DEBCAA-B8BE-4073-8281-3D106A24DAE8}"
EndProject
Project("{FAE04EC0-301F-11D3-BF4B-00C04F79EFBC}") = "MinimalEshop.Application.Test", "MinimalEshop.Application.Test\MinimalEshop.Application.Test.csproj", "{A29A6A9C-C505-2109-26DF-75621B1DB6A5}"
EndProject
Project("{FAE04EC0-301F-11D3-BF4B-00C04F79EFBC}") = "MinimalEshop.Presentations", "MinimalEshop.Presentations\MinimalEshop.Presentations.csproj", "{E833EDF0-9519-42E5-863D-6AD8E2391F88}"
EndProject
Global
	GlobalSection(SolutionConfigurationPlatforms) = preSolution
		Debug|Any CPU = Debug|Any CPU
		Release|Any CPU = Release|Any CPU
	EndGlobalSection
	GlobalSection(ProjectConfigurationPlatforms) = postSolution
		{381EC61B-29CE-456E-B290-DAC2D7829F3E}.Debug|Any CPU.ActiveCfg = Debug|Any CPU
		{381EC61B-29CE-456E-B290-DAC2D7829F3E}.Debug|Any CPU.Build.0 = Debug|Any CPU
		{381EC61B-29CE-456E-B290-DAC2D7829F3E}.Release|Any CPU.ActiveCfg = Release|Any CPU
		{381EC61B-29CE-456E-B290-DAC2D7829F3E}.Release|Any CPU.Build.0 = Release|Any CPU
		{41DEBCAA-B8BE-4073-8281-3D106A24DAE8}.Debug|Any CPU.ActiveCfg = Debug|Any CPU
		{41DEBCAA-B8BE-4073-8281-3D106A24DAE8}.Debug|Any CPU.Build.0 = Debug|Any CPU
		{41DEBCAA-B8BE-4073-8281-3D106A24DAE8}.Release|Any CPU.ActiveCfg = Release|Any CPU
		{41DEBCAA-B8BE-4073-8281-3D106A24DAE8}.Release|Any CPU.Build.0 = Release|Any CPU
		{A29A6A9C-C505-2109-26DF-75621B1DB6A5}.Debug|Any CPU.ActiveCfg = Debug|Any CPU
		{A29A6A9C-C505-2109-26DF-75621B1DB6A5}.Debug|Any CPU.Build.0 = Debug|Any CPU
		{A29A6A9C-C505-2109-26DF-75621B1DB6A5}.Release|Any CPU.ActiveCfg = Release|Any CPU
		{A29A6A9C-C505-2109-26DF-75621B1DB6A5}.Release|Any CPU.Build.0 = Release|Any CPU
		{E833EDF0-9519-42E5-863D-6AD8E2391F88}.Debug|Any CPU.ActiveCfg = Debug|Any CPU
		{E833EDF0-9519-42E5-863D-6AD8E2391F88}.Debug|Any CPU.Build.0 = Debug|Any CPU
		{E833EDF0-9519-42E5-863D-6AD8E2391F88}.Release|Any CPU.ActiveCfg = Release|Any CPU
		{E833EDF0-9519-42E5-863D-6AD8E2391F88}.Release|Any CPU.Build.0 = Release|Any CPU
	EndGlobalSection
	GlobalSection(SolutionProperties) = preSolution
		HideSolutionNode = FALSE
	EndGlobalSection
	GlobalSection(ExtensibilityGlobals) = postSolution
		SolutionGuid = {1E635D2E-9079-4A82-87B1-1A975ECFB3D8}
	EndGlobalSection
EndGlobal
